
Microsoft Visual Studio Solution File, Format Version 12.00
# Visual Studio Version 17
VisualStudioVersion = 17.12.35707.178
MinimumVisualStudioVersion = 10.0.40219.1
Project("{FAE04EC0-301F-11D3-BF4B-00C04F79EFBC}") = "CostAnalysisTBT.API", "CostAnalysisTBT.API\CostAnalysisTBT.API.csproj", "{6132B47F-DC78-41EA-82F9-CF9627294E4F}"
EndProject
Project("{FAE04EC0-301F-11D3-BF4B-00C04F79EFBC}") = "CostAnalysisTBT.Business", "CostAnalysisTBT.Business\CostAnalysisTBT.Business.csproj", "{38AC060A-54D4-4612-88BC-4314645D36ED}"
EndProject
Project("{FAE04EC0-301F-11D3-BF4B-00C04F79EFBC}") = "CostAnalysisTBT.Data", "CostAnalysisTBT.Data\CostAnalysisTBT.Data.csproj", "{AC6AAD4E-FEFD-4EE8-B2A2-7279561ED62F}"
EndProject
Project("{2150E333-8FDC-42A3-9474-1A3956D46DE8}") = "Solution Items", "Solution Items", "{8EC462FD-D22E-90A8-E5CE-7E832BA40C5D}"
	ProjectSection(SolutionItems) = preProject
		.gitignore = .gitignore
	EndProjectSection
EndProject
Global
	GlobalSection(SolutionConfigurationPlatforms) = preSolution
		Debug|Any CPU = Debug|Any CPU
		Release|Any CPU = Release|Any CPU
	EndGlobalSection
	GlobalSection(ProjectConfigurationPlatforms) = postSolution
		{6132B47F-DC78-41EA-82F9-CF9627294E4F}.Debug|Any CPU.ActiveCfg = Debug|Any CPU
		{6132B47F-DC78-41EA-82F9-CF9627294E4F}.Debug|Any CPU.Build.0 = Debug|Any CPU
		{6132B47F-DC78-41EA-82F9-CF9627294E4F}.Release|Any CPU.ActiveCfg = Release|Any CPU
		{6132B47F-DC78-41EA-82F9-CF9627294E4F}.Release|Any CPU.Build.0 = Release|Any CPU
		{38AC060A-54D4-4612-88BC-4314645D36ED}.Debug|Any CPU.ActiveCfg = Debug|Any CPU
		{38AC060A-54D4-4612-88BC-4314645D36ED}.Debug|Any CPU.Build.0 = Debug|Any CPU
		{38AC060A-54D4-4612-88BC-4314645D36ED}.Release|Any CPU.ActiveCfg = Release|Any CPU
		{38AC060A-54D4-4612-88BC-4314645D36ED}.Release|Any CPU.Build.0 = Release|Any CPU
		{AC6AAD4E-FEFD-4EE8-B2A2-7279561ED62F}.Debug|Any CPU.ActiveCfg = Debug|Any CPU
		{AC6AAD4E-FEFD-4EE8-B2A2-7279561ED62F}.Debug|Any CPU.Build.0 = Debug|Any CPU
		{AC6AAD4E-FEFD-4EE8-B2A2-7279561ED62F}.Release|Any CPU.ActiveCfg = Release|Any CPU
		{AC6AAD4E-FEFD-4EE8-B2A2-7279561ED62F}.Release|Any CPU.Build.0 = Release|Any CPU
	EndGlobalSection
	GlobalSection(SolutionProperties) = preSolution
		HideSolutionNode = FALSE
	EndGlobalSection
	GlobalSection(ExtensibilityGlobals) = postSolution
		SolutionGuid = {486FBFF1-5E14-436E-B75D-E04961B85BB3}
	EndGlobalSection
EndGlobal
